
Microsoft Visual Studio Solution File, Format Version 12.00
# Visual Studio 15
VisualStudioVersion = 15.0.27130.2027
MinimumVisualStudioVersion = 10.0.40219.1
Project("{9A19103F-16F7-4668-BE54-9A1E7A4F7556}") = "Blackjack.BL", "Blackjack\Blackjack.BL.csproj", "{FA5C1085-D932-4B32-A2A3-6E1DED79A099}"
EndProject
Project("{FAE04EC0-301F-11D3-BF4B-00C04F79EFBC}") = "Blackjack.WPF", "Blackjack.WPF\Blackjack.WPF.csproj", "{7E75D50E-8D4D-44A2-BDDA-5289D17EF007}"
EndProject
Global
	GlobalSection(SolutionConfigurationPlatforms) = preSolution
		Debug|Any CPU = Debug|Any CPU
		Release|Any CPU = Release|Any CPU
	EndGlobalSection
	GlobalSection(ProjectConfigurationPlatforms) = postSolution
		{FA5C1085-D932-4B32-A2A3-6E1DED79A099}.Debug|Any CPU.ActiveCfg = Debug|Any CPU
		{FA5C1085-D932-4B32-A2A3-6E1DED79A099}.Debug|Any CPU.Build.0 = Debug|Any CPU
		{FA5C1085-D932-4B32-A2A3-6E1DED79A099}.Release|Any CPU.ActiveCfg = Release|Any CPU
		{FA5C1085-D932-4B32-A2A3-6E1DED79A099}.Release|Any CPU.Build.0 = Release|Any CPU
		{7E75D50E-8D4D-44A2-BDDA-5289D17EF007}.Debug|Any CPU.ActiveCfg = Debug|Any CPU
		{7E75D50E-8D4D-44A2-BDDA-5289D17EF007}.Debug|Any CPU.Build.0 = Debug|Any CPU
		{7E75D50E-8D4D-44A2-BDDA-5289D17EF007}.Release|Any CPU.ActiveCfg = Release|Any CPU
		{7E75D50E-8D4D-44A2-BDDA-5289D17EF007}.Release|Any CPU.Build.0 = Release|Any CPU
	EndGlobalSection
	GlobalSection(SolutionProperties) = preSolution
		HideSolutionNode = FALSE
	EndGlobalSection
	GlobalSection(ExtensibilityGlobals) = postSolution
		SolutionGuid = {840303AE-8B14-45F7-A620-BEF8B83EDBE5}
	EndGlobalSection
EndGlobal
